
Microsoft Visual Studio Solution File, Format Version 12.00
# Visual Studio 15
VisualStudioVersion = 15.0.28010.2048
MinimumVisualStudioVersion = 10.0.40219.1
Project("{FAE04EC0-301F-11D3-BF4B-00C04F79EFBC}") = "Rechner v1", "Rechner v1\Rechner v1.csproj", "{2B5A843E-FE87-4C58-8BFF-2DF50DD6702E}"
EndProject
Global
	GlobalSection(SolutionConfigurationPlatforms) = preSolution
		Debug|Any CPU = Debug|Any CPU
		Release|Any CPU = Release|Any CPU
	EndGlobalSection
	GlobalSection(ProjectConfigurationPlatforms) = postSolution
		{2B5A843E-FE87-4C58-8BFF-2DF50DD6702E}.Debug|Any CPU.ActiveCfg = Debug|Any CPU
		{2B5A843E-FE87-4C58-8BFF-2DF50DD6702E}.Debug|Any CPU.Build.0 = Debug|Any CPU
		{2B5A843E-FE87-4C58-8BFF-2DF50DD6702E}.Release|Any CPU.ActiveCfg = Release|Any CPU
		{2B5A843E-FE87-4C58-8BFF-2DF50DD6702E}.Release|Any CPU.Build.0 = Release|Any CPU
	EndGlobalSection
	GlobalSection(SolutionProperties) = preSolution
		HideSolutionNode = FALSE
	EndGlobalSection
	GlobalSection(ExtensibilityGlobals) = postSolution
		SolutionGuid = {32C3FC0B-7A9D-4032-A4E0-58C4E5371135}
	EndGlobalSection
EndGlobal
